
Microsoft Visual Studio Solution File, Format Version 12.00
# Visual Studio Version 17
VisualStudioVersion = 17.0.32126.317
MinimumVisualStudioVersion = 10.0.40219.1
Project("{FAE04EC0-301F-11D3-BF4B-00C04F79EFBC}") = "LogInNominaWeb", "LogInNominaWeb\LogInNominaWeb.csproj", "{D88A1C94-CEB0-476A-9A31-42533034100E}"
EndProject
Global
	GlobalSection(SolutionConfigurationPlatforms) = preSolution
		Debug|Any CPU = Debug|Any CPU
		Release|Any CPU = Release|Any CPU
	EndGlobalSection
	GlobalSection(ProjectConfigurationPlatforms) = postSolution
		{D88A1C94-CEB0-476A-9A31-42533034100E}.Debug|Any CPU.ActiveCfg = Debug|Any CPU
		{D88A1C94-CEB0-476A-9A31-42533034100E}.Debug|Any CPU.Build.0 = Debug|Any CPU
		{D88A1C94-CEB0-476A-9A31-42533034100E}.Release|Any CPU.ActiveCfg = Release|Any CPU
		{D88A1C94-CEB0-476A-9A31-42533034100E}.Release|Any CPU.Build.0 = Release|Any CPU
	EndGlobalSection
	GlobalSection(SolutionProperties) = preSolution
		HideSolutionNode = FALSE
	EndGlobalSection
	GlobalSection(ExtensibilityGlobals) = postSolution
		SolutionGuid = {6F6823C2-9B36-4B56-9FF4-89A1BCE2EDAA}
	EndGlobalSection
EndGlobal
